
Microsoft Visual Studio Solution File, Format Version 12.00
# Visual Studio Version 17
VisualStudioVersion = 17.6.33829.357
MinimumVisualStudioVersion = 10.0.40219.1
Project("{FAE04EC0-301F-11D3-BF4B-00C04F79EFBC}") = "recentapp2", "recentapp2\recentapp2.csproj", "{DFEBEAFE-6CC5-4A1D-AC99-DF9C24933236}"
EndProject
Global
	GlobalSection(SolutionConfigurationPlatforms) = preSolution
		Debug|Any CPU = Debug|Any CPU
		Release|Any CPU = Release|Any CPU
	EndGlobalSection
	GlobalSection(ProjectConfigurationPlatforms) = postSolution
		{DFEBEAFE-6CC5-4A1D-AC99-DF9C24933236}.Debug|Any CPU.ActiveCfg = Debug|Any CPU
		{DFEBEAFE-6CC5-4A1D-AC99-DF9C24933236}.Debug|Any CPU.Build.0 = Debug|Any CPU
		{DFEBEAFE-6CC5-4A1D-AC99-DF9C24933236}.Release|Any CPU.ActiveCfg = Release|Any CPU
		{DFEBEAFE-6CC5-4A1D-AC99-DF9C24933236}.Release|Any CPU.Build.0 = Release|Any CPU
	EndGlobalSection
	GlobalSection(SolutionProperties) = preSolution
		HideSolutionNode = FALSE
	EndGlobalSection
	GlobalSection(ExtensibilityGlobals) = postSolution
		SolutionGuid = {B926E5C6-4ACD-43E5-B536-C62B6F0307F9}
	EndGlobalSection
EndGlobal
